GEM
  remote: https://rubygems.org/
  specs:
    diplomat (2.0.2)
      faraday (~> 0.9)
      json
    faraday (0.14.0)
      multipart-post (>= 1.2, < 3)
    json (2.1.0)
    multipart-post (2.0.0)
    mustermann (1.0.2)
    oj (3.5.0)
    puma (3.11.3)
    rack (2.0.4)
    rack-protection (2.0.1)
      rack
    sinatra (2.0.1)
      mustermann (~> 1.0)
      rack (~> 2.0)
      rack-protection (= 2.0.1)
      tilt (~> 2.0)
    tilt (2.0.8)

PLATFORMS
  ruby

DEPENDENCIES
  diplomat
  oj
  puma
  sinatra

BUNDLED WITH
   1.16.1
